
Microsoft Visual Studio Solution File, Format Version 10.00
# Visual C++ Express 2008
Project("{8BC9CEB8-8B4A-11D0-8D11-00A0C91BC942}") = "grun", "grun.vcproj", "{53F69D45-FD9C-4641-945D-02FCE529A366}"
EndProject
Global
	GlobalSection(SolutionConfigurationPlatforms) = preSolution
		Debug|Win32 = Debug|Win32
		Release|Win32 = Release|Win32
	EndGlobalSection
	GlobalSection(ProjectConfigurationPlatforms) = postSolution
		{53F69D45-FD9C-4641-945D-02FCE529A366}.Debug|Win32.ActiveCfg = Debug|Win32
		{53F69D45-FD9C-4641-945D-02FCE529A366}.Debug|Win32.Build.0 = Debug|Win32
		{53F69D45-FD9C-4641-945D-02FCE529A366}.Release|Win32.ActiveCfg = Release|Win32
		{53F69D45-FD9C-4641-945D-02FCE529A366}.Release|Win32.Build.0 = Release|Win32
	EndGlobalSection
	GlobalSection(SolutionProperties) = preSolution
		HideSolutionNode = FALSE
	EndGlobalSection
EndGlobal
